# This file is automatically @generated by Poetry 1.5.1 and should not be changed by hand.

[[package]]
name = "black"
version = "23.7.0"
description = "The uncompromising code formatter."
optional = false
python-versions = ">=3.8"
files = [
    {file = "black-23.7.0-cp310-cp310-macosx_10_16_arm64.whl", hash = "sha256:5c4bc552ab52f6c1c506ccae05681fab58c3f72d59ae6e6639e8885e94fe2587"},
    {file = "black-23.7.0-cp310-cp310-macosx_10_16_universal2.whl", hash = "sha256:552513d5cd5694590d7ef6f46e1767a4df9af168d449ff767b13b084c020e63f"},
    {file = "black-23.7.0-cp310-cp310-macosx_10_16_x86_64.whl", hash = "sha256:86cee259349b4448adb4ef9b204bb4467aae74a386bce85d56ba4f5dc0da27be"},
    {file = "black-23.7.0-cp310-cp310-manylinux_2_17_x86_64.manylinux2014_x86_64.whl", hash = "sha256:501387a9edcb75d7ae8a4412bb8749900386eaef258f1aefab18adddea1936bc"},
    {file = "black-23.7.0-cp310-cp310-win_amd64.whl", hash = "sha256:fb074d8b213749fa1d077d630db0d5f8cc3b2ae63587ad4116e8a436e9bbe995"},
    {file = "black-23.7.0-cp311-cp311-macosx_10_16_arm64.whl", hash = "sha256:b5b0ee6d96b345a8b420100b7d71ebfdd19fab5e8301aff48ec270042cd40ac2"},
    {file = "black-23.7.0-cp311-cp311-macosx_10_16_universal2.whl", hash = "sha256:893695a76b140881531062d48476ebe4a48f5d1e9388177e175d76234ca247cd"},
    {file = "black-23.7.0-cp311-cp311-macosx_10_16_x86_64.whl", hash = "sha256:c333286dc3ddca6fdff74670b911cccedacb4ef0a60b34e491b8a67c833b343a"},
    {file = "black-23.7.0-cp311-cp311-manylinux_2_17_x86_64.manylinux2014_x86_64.whl", hash = "sha256:831d8f54c3a8c8cf55f64d0422ee875eecac26f5f649fb6c1df65316b67c8926"},
    {file = "black-23.7.0-cp311-cp311-win_amd64.whl", hash = "sha256:7f3bf2dec7d541b4619b8ce526bda74a6b0bffc480a163fed32eb8b3c9aed8ad"},
    {file = "black-23.7.0-cp38-cp38-macosx_10_16_arm64.whl", hash = "sha256:f9062af71c59c004cd519e2fb8f5d25d39e46d3af011b41ab43b9c74e27e236f"},
    {file = "black-23.7.0-cp38-cp38-macosx_10_16_universal2.whl", hash = "sha256:01ede61aac8c154b55f35301fac3e730baf0c9cf8120f65a9cd61a81cfb4a0c3"},
    {file = "black-23.7.0-cp38-cp38-macosx_10_16_x86_64.whl", hash = "sha256:327a8c2550ddc573b51e2c352adb88143464bb9d92c10416feb86b0f5aee5ff6"},
    {file = "black-23.7.0-cp38-cp38-manylinux_2_17_x86_64.manylinux2014_x86_64.whl", hash = "sha256:6d1c6022b86f83b632d06f2b02774134def5d4d4f1dac8bef16d90cda18ba28a"},
    {file = "black-23.7.0-cp38-cp38-win_amd64.whl", hash = "sha256:27eb7a0c71604d5de083757fbdb245b1a4fae60e9596514c6ec497eb63f95320"},
    {file = "black-23.7.0-cp39-cp39-macosx_10_16_arm64.whl", hash = "sha256:8417dbd2f57b5701492cd46edcecc4f9208dc75529bcf76c514864e48da867d9"},
    {file = "black-23.7.0-cp39-cp39-macosx_10_16_universal2.whl", hash = "sha256:47e56d83aad53ca140da0af87678fb38e44fd6bc0af71eebab2d1f59b1acf1d3"},
    {file = "black-23.7.0-cp39-cp39-macosx_10_16_x86_64.whl", hash = "sha256:25cc308838fe71f7065df53aedd20327969d05671bac95b38fdf37ebe70ac087"},
    {file = "black-23.7.0-cp39-cp39-manylinux_2_17_x86_64.manylinux2014_x86_64.whl", hash = "sha256:642496b675095d423f9b8448243336f8ec71c9d4d57ec17bf795b67f08132a91"},
    {file = "black-23.7.0-cp39-cp39-win_amd64.whl", hash = "sha256:ad0014efc7acf0bd745792bd0d8857413652979200ab924fbf239062adc12491"},
    {file = "black-23.7.0-py3-none-any.whl", hash = "sha256:9fd59d418c60c0348505f2ddf9609c1e1de8e7493eab96198fc89d9f865e7a96"},
    {file = "black-23.7.0.tar.gz", hash = "sha256:022a582720b0d9480ed82576c920a8c1dde97cc38ff11d8d8859b3bd6ca9eedb"},
]

[package.dependencies]
click = ">=8.0.0"
mypy-extensions = ">=0.4.3"
packaging = ">=22.0"
pathspec = ">=0.9.0"
platformdirs = ">=2"

[package.extras]
colorama = ["colorama (>=0.4.3)"]
d = ["aiohttp (>=3.7.4)"]
jupyter = ["ipython (>=7.8.0)", "tokenize-rt (>=3.2.0)"]
uvloop = ["uvloop (>=0.15.2)"]

[[package]]
name = "bleak"
version = "0.20.2"
description = "Bluetooth Low Energy platform Agnostic Klient"
optional = false
python-versions = ">=3.7,<4.0"
files = [
    {file = "bleak-0.20.2-py3-none-any.whl", hash = "sha256:ce3106b7258212d92bb77be06f9301774f51f5bbc9f7cd50976ad794e9514dba"},
    {file = "bleak-0.20.2.tar.gz", hash = "sha256:6c92a47abe34e6dea8ffc5cea9457cbff6e1be966854839dbc25cddb36b79ee4"},
]

[package.dependencies]
bleak-winrt = {version = ">=1.2.0,<2.0.0", markers = "platform_system == \"Windows\""}
dbus-fast = {version = ">=1.83.0,<2.0.0", markers = "platform_system == \"Linux\""}
pyobjc-core = {version = ">=9.0.1,<10.0.0", markers = "platform_system == \"Darwin\""}
pyobjc-framework-CoreBluetooth = {version = ">=9.0.1,<10.0.0", markers = "platform_system == \"Darwin\""}
pyobjc-framework-libdispatch = {version = ">=9.0.1,<10.0.0", markers = "platform_system == \"Darwin\""}

[[package]]
name = "bleak-winrt"
version = "1.2.0"
description = "Python WinRT bindings for Bleak"
optional = false
python-versions = "*"
files = [
    {file = "bleak-winrt-1.2.0.tar.gz", hash = "sha256:0577d070251b9354fc6c45ffac57e39341ebb08ead014b1bdbd43e211d2ce1d6"},
    {file = "bleak_winrt-1.2.0-cp310-cp310-win32.whl", hash = "sha256:a2ae3054d6843ae0cfd3b94c83293a1dfd5804393977dd69bde91cb5099fc47c"},
    {file = "bleak_winrt-1.2.0-cp310-cp310-win_amd64.whl", hash = "sha256:677df51dc825c6657b3ae94f00bd09b8ab88422b40d6a7bdbf7972a63bc44e9a"},
    {file = "bleak_winrt-1.2.0-cp311-cp311-win32.whl", hash = "sha256:9449cdb942f22c9892bc1ada99e2ccce9bea8a8af1493e81fefb6de2cb3a7b80"},
    {file = "bleak_winrt-1.2.0-cp311-cp311-win_amd64.whl", hash = "sha256:98c1b5a6a6c431ac7f76aa4285b752fe14a1c626bd8a1dfa56f66173ff120bee"},
    {file = "bleak_winrt-1.2.0-cp37-cp37m-win32.whl", hash = "sha256:623ac511696e1f58d83cb9c431e32f613395f2199b3db7f125a3d872cab968a4"},
    {file = "bleak_winrt-1.2.0-cp37-cp37m-win_amd64.whl", hash = "sha256:13ab06dec55469cf51a2c187be7b630a7a2922e1ea9ac1998135974a7239b1e3"},
    {file = "bleak_winrt-1.2.0-cp38-cp38-win32.whl", hash = "sha256:5a36ff8cd53068c01a795a75d2c13054ddc5f99ce6de62c1a97cd343fc4d0727"},
    {file = "bleak_winrt-1.2.0-cp38-cp38-win_amd64.whl", hash = "sha256:810c00726653a962256b7acd8edf81ab9e4a3c66e936a342ce4aec7dbd3a7263"},
    {file = "bleak_winrt-1.2.0-cp39-cp39-win32.whl", hash = "sha256:dd740047a08925bde54bec357391fcee595d7b8ca0c74c87170a5cbc3f97aa0a"},
    {file = "bleak_winrt-1.2.0-cp39-cp39-win_amd64.whl", hash = "sha256:63130c11acfe75c504a79c01f9919e87f009f5e742bfc7b7a5c2a9c72bf591a7"},
]

[[package]]
name = "click"
version = "8.1.6"
description = "Composable command line interface toolkit"
optional = false
python-versions = ">=3.7"
files = [
    {file = "click-8.1.6-py3-none-any.whl", hash = "sha256:fa244bb30b3b5ee2cae3da8f55c9e5e0c0e86093306301fb418eb9dc40fbded5"},
    {file = "click-8.1.6.tar.gz", hash = "sha256:48ee849951919527a045bfe3bf7baa8a959c423134e1a5b98c05c20ba75a1cbd"},
]

[package.dependencies]
colorama = {version = "*", markers = "platform_system == \"Windows\""}

[[package]]
name = "colorama"
version = "0.4.6"
description = "Cross-platform colored terminal text."
optional = false
python-versions = "!=3.0.*,!=3.1.*,!=3.2.*,!=3.3.*,!=3.4.*,!=3.5.*,!=3.6.*,>=2.7"
files = [
    {file = "colorama-0.4.6-py2.py3-none-any.whl", hash = "sha256:4f1d9991f5acc0ca119f9d443620b77f9d6b33703e51011c16baf57afb285fc6"},
    {file = "colorama-0.4.6.tar.gz", hash = "sha256:08695f5cb7ed6e0531a20572697297273c47b8cae5a63ffc6d6ed5c201be6e44"},
]

[[package]]
name = "dbus-fast"
version = "1.91.2"
description = "A faster version of dbus-next"
optional = false
python-versions = ">=3.7,<4.0"
files = [
    {file = "dbus_fast-1.91.2-cp310-cp310-manylinux_2_17_i686.manylinux_2_5_i686.manylinux1_i686.manylinux2014_i686.whl", hash = "sha256:43125edae7fd4ea166dbfc3bd41a8dcc2b837c0a34c9bd3b80c4770090f389d7"},
    {file = "dbus_fast-1.91.2-cp310-cp310-manylinux_2_17_x86_64.manylinux2014_x86_64.whl", hash = "sha256:4490900906dbcfe60680cd0c0cffebb198d44eebea9913734e37eaf87f8544b3"},
    {file = "dbus_fast-1.91.2-cp310-cp310-manylinux_2_31_x86_64.whl", hash = "sha256:aaec7799bb21e412efdc46ee2e27b33ceec93687d27bf0fb9912618b30fd757a"},
    {file = "dbus_fast-1.91.2-cp310-cp310-musllinux_1_1_i686.whl", hash = "sha256:9cf5bc7e6fb14ffa852b721df230d056d530bdd0365c6b06329004d93820dc94"},
    {file = "dbus_fast-1.91.2-cp310-cp310-musllinux_1_1_x86_64.whl", hash = "sha256:1b9f7bfbe89c85e950c49aaffbef145d9f6273efe1d7f633fd95ea023d462abd"},
    {file = "dbus_fast-1.91.2-cp311-cp311-manylinux_2_17_i686.manylinux_2_5_i686.manylinux1_i686.manylinux2014_i686.whl", hash = "sha256:95456895fe7b033e44072b1a1d4249a14d8a059bc4ea23898678ed114c2a05d8"},
    {file = "dbus_fast-1.91.2-cp311-cp311-manylinux_2_17_x86_64.manylinux2014_x86_64.whl", hash = "sha256:6c4276e7b6d15a2a747166415e4dad84ad81671b05dd7e736edf1ebcf61bb0f4"},
    {file = "dbus_fast-1.91.2-cp311-cp311-musllinux_1_1_i686.whl", hash = "sha256:7d79493623e0ef8bad0cc91a0a2039e31e3b83e0d1c6b52b5c66c83c4d95854b"},
    {file = "dbus_fast-1.91.2-cp311-cp311-musllinux_1_1_x86_64.whl", hash = "sha256:b988968be9a7130e7a48922def947ab7d4c92e379344d49c082369afdd27a9fa"},
    {file = "dbus_fast-1.91.2-cp37-cp37m-manylinux_2_17_i686.manylinux_2_5_i686.manylinux1_i686.manylinux2014_i686.whl", hash = "sha256:ff3faaf133711c88c7c2d65a944f9bba45b68a5e2aacf883a361244e89389cd1"},
    {file = "dbus_fast-1.91.2-cp37-cp37m-manylinux_2_17_x86_64.manylinux2014_x86_64.whl", hash = "sha256:2100474cd1e4cdb5edb0067b09ae2897b9d6a44fbe8b7001191831439f387561"},
    {file = "dbus_fast-1.91.2-cp37-cp37m-musllinux_1_1_i686.whl", hash = "sha256:47f122b915a4f465d6668b290382b9d186f4d12e7b9a3154fcadfb69859cd0cb"},
    {file = "dbus_fast-1.91.2-cp37-cp37m-musllinux_1_1_x86_64.whl", hash = "sha256:431c4f4d17119936b3669cd00cfa58c19181b54f1174a753709c31d184b9748f"},
    {file = "dbus_fast-1.91.2-cp38-cp38-manylinux_2_17_i686.manylinux_2_5_i686.manylinux1_i686.manylinux2014_i686.whl", hash = "sha256:c0b8d61d8085d6fd0ef5d6facd0e4724efebfead7cef4abe55bb36556b77f491"},
    {file = "dbus_fast-1.91.2-cp38-cp38-manylinux_2_17_x86_64.manylinux2014_x86_64.whl", hash = "sha256:57b8fb842ca697a650ca25df1c450fecbb7ee61eae11a023c0e78beb89637d17"},
    {file = "dbus_fast-1.91.2-cp38-cp38-musllinux_1_1_i686.whl", hash = "sha256:4113fbd5176d8833b201e07476597860a1970f5c878f0bdaa162a68fa0d19e79"},
    {file = "dbus_fast-1.91.2-cp38-cp38-musllinux_1_1_x86_64.whl", hash = "sha256:16eeb1e101d185332d72f50f6b950e89e39dce72b65657a23aaac09082c75641"},
    {file = "dbus_fast-1.91.2-cp39-cp39-manylinux_2_17_i686.manylinux_2_5_i686.manylinux1_i686.manylinux2014_i686.whl", hash = "sha256:6e17f673a64d06014915d2a44c1e25fb7bf64c7042cf97d7103cda6eb698c97d"},
    {file = "dbus_fast-1.91.2-cp39-cp39-manylinux_2_17_x86_64.manylinux2014_x86_64.whl", hash = "sha256:171556d70107e2095c7bf671e17f2a5f146f6e39383b16c8ffa61128ae5bccf6"},
    {file = "dbus_fast-1.91.2-cp39-cp39-musllinux_1_1_i686.whl", hash = "sha256:0cdc1046f53be21afdb2f251fbf2d5f2bf2e972a71e0490879f9197090890e29"},
    {file = "dbus_fast-1.91.2-cp39-cp39-musllinux_1_1_x86_64.whl", hash = "sha256:b87c15dd93566fe2fe0847af646ca0630faa0804a6ad008850893227ed91b48a"},
    {file = "dbus_fast-1.91.2-pp310-pypy310_pp73-manylinux_2_17_i686.manylinux_2_5_i686.manylinux1_i686.manylinux2014_i686.whl", hash = "sha256:25935439e366b32938aa1c50d4c450cb2c95a16dfdf0a84a5c390c18554f5e09"},
    {file = "dbus_fast-1.91.2-pp310-pypy310_pp73-manylinux_2_17_x86_64.manylinux2014_x86_64.whl", hash = "sha256:1c01e81622d52679e7ffe66ce0a5e24a9c5c4a769319fd6078dd1c4ded95f2e3"},
    {file = "dbus_fast-1.91.2-pp37-pypy37_pp73-manylinux_2_17_i686.manylinux_2_5_i686.manylinux1_i686.manylinux2014_i686.whl", hash = "sha256:972ac0d7ad24be4f6cad33387971e361041b3bea18b88c1e9e06d406823a0e65"},
    {file = "dbus_fast-1.91.2-pp37-pypy37_pp73-manylinux_2_17_x86_64.manylinux2014_x86_64.whl", hash = "sha256:5c7ffc2b930e050ddef58c82d6ebfcff0b1f121de385b24adfd373f1ab60f44b"},
    {file = "dbus_fast-1.91.2-pp38-pypy38_pp73-manylinux_2_17_i686.manylinux_2_5_i686.manylinux1_i686.manylinux2014_i686.whl", hash = "sha256:1e91ebca89efb53d9f0387a94922fda69d0e91fecb826a70214f78a65e27d781"},
    {file = "dbus_fast-1.91.2-pp38-pypy38_pp73-manylinux_2_17_x86_64.manylinux2014_x86_64.whl", hash = "sha256:8824c374af2047c1110a8cb497b271feb10aee138181473570dff4cc6d71e732"},
    {file = "dbus_fast-1.91.2-pp39-pypy39_pp73-manylinux_2_17_i686.manylinux_2_5_i686.manylinux1_i686.manylinux2014_i686.whl", hash = "sha256:b582bcc524dfacf99ce21b76ec9b1cc39586d02ff5598b4a96310be4329b8033"},
    {file = "dbus_fast-1.91.2-pp39-pypy39_pp73-manylinux_2_17_x86_64.manylinux2014_x86_64.whl", hash = "sha256:30b91698fb28c7ff11ca2de10582addd80582ee3fba6bb067f874e098ee8c0e0"},
    {file = "dbus_fast-1.91.2.tar.gz", hash = "sha256:648b70804da35c92ac44af1d321aeb19df6596dbad362adc2f2507fd99f0f5ae"},
]

[[package]]
name = "isort"
version = "5.12.0"
description = "A Python utility / library to sort Python imports."
optional = false
python-versions = ">=3.8.0"
files = [
    {file = "isort-5.12.0-py3-none-any.whl", hash = "sha256:f84c2818376e66cf843d497486ea8fed8700b340f308f076c6fb1229dff318b6"},
    {file = "isort-5.12.0.tar.gz", hash = "sha256:8bef7dde241278824a6d83f44a544709b065191b95b6e50894bdc722fcba0504"},
]

[package.extras]
colors = ["colorama (>=0.4.3)"]
pipfile-deprecated-finder = ["pip-shims (>=0.5.2)", "pipreqs", "requirementslib"]
plugins = ["setuptools"]
requirements-deprecated-finder = ["pip-api", "pipreqs"]

[[package]]
name = "mypy-extensions"
version = "1.0.0"
description = "Type system extensions for programs checked with the mypy type checker."
optional = false
python-versions = ">=3.5"
files = [
    {file = "mypy_extensions-1.0.0-py3-none-any.whl", hash = "sha256:4392f6c0eb8a5668a69e23d168ffa70f0be9ccfd32b5cc2d26a34ae5b844552d"},
    {file = "mypy_extensions-1.0.0.tar.gz", hash = "sha256:75dbf8955dc00442a438fc4d0666508a9a97b6bd41aa2f0ffe9d2f2725af0782"},
]

[[package]]
name = "nodeenv"
version = "1.8.0"
description = "Node.js virtual environment builder"
optional = false
python-versions = ">=2.7,!=3.0.*,!=3.1.*,!=3.2.*,!=3.3.*,!=3.4.*,!=3.5.*,!=3.6.*"
files = [
    {file = "nodeenv-1.8.0-py2.py3-none-any.whl", hash = "sha256:df865724bb3c3adc86b3876fa209771517b0cfe596beff01a92700e0e8be4cec"},
    {file = "nodeenv-1.8.0.tar.gz", hash = "sha256:d51e0c37e64fbf47d017feac3145cdbb58836d7eee8c6f6d3b6880c5456227d2"},
]

[package.dependencies]
setuptools = "*"

[[package]]
name = "packaging"
version = "23.1"
description = "Core utilities for Python packages"
optional = false
python-versions = ">=3.7"
files = [
    {file = "packaging-23.1-py3-none-any.whl", hash = "sha256:994793af429502c4ea2ebf6bf664629d07c1a9fe974af92966e4b8d2df7edc61"},
    {file = "packaging-23.1.tar.gz", hash = "sha256:a392980d2b6cffa644431898be54b0045151319d1e7ec34f0cfed48767dd334f"},
]

[[package]]
name = "pathspec"
version = "0.11.2"
description = "Utility library for gitignore style pattern matching of file paths."
optional = false
python-versions = ">=3.7"
files = [
    {file = "pathspec-0.11.2-py3-none-any.whl", hash = "sha256:1d6ed233af05e679efb96b1851550ea95bbb64b7c490b0f5aa52996c11e92a20"},
    {file = "pathspec-0.11.2.tar.gz", hash = "sha256:e0d8d0ac2f12da61956eb2306b69f9469b42f4deb0f3cb6ed47b9cce9996ced3"},
]

[[package]]
name = "platformdirs"
version = "3.10.0"
description = "A small Python package for determining appropriate platform-specific dirs, e.g. a \"user data dir\"."
optional = false
python-versions = ">=3.7"
files = [
    {file = "platformdirs-3.10.0-py3-none-any.whl", hash = "sha256:d7c24979f292f916dc9cbf8648319032f551ea8c49a4c9bf2fb556a02070ec1d"},
    {file = "platformdirs-3.10.0.tar.gz", hash = "sha256:b45696dab2d7cc691a3226759c0d3b00c47c8b6e293d96f6436f733303f77f6d"},
]

[package.extras]
docs = ["furo (>=2023.7.26)", "proselint (>=0.13)", "sphinx (>=7.1.1)", "sphinx-autodoc-typehints (>=1.24)"]
test = ["appdirs (==1.4.4)", "covdefaults (>=2.3)", "pytest (>=7.4)", "pytest-cov (>=4.1)", "pytest-mock (>=3.11.1)"]

[[package]]
name = "pyobjc-core"
version = "9.2"
description = "Python<->ObjC Interoperability Module"
optional = false
python-versions = ">=3.7"
files = [
    {file = "pyobjc-core-9.2.tar.gz", hash = "sha256:d734b9291fec91ff4e3ae38b9c6839debf02b79c07314476e87da8e90b2c68c3"},
    {file = "pyobjc_core-9.2-cp310-cp310-macosx_10_9_universal2.whl", hash = "sha256:fa674a39949f5cde8e5c7bbcd24496446bfc67592b028aedbec7f81dc5fc4daa"},
    {file = "pyobjc_core-9.2-cp311-cp311-macosx_10_9_universal2.whl", hash = "sha256:bbc8de304ee322a1ee530b4d2daca135a49b4a49aa3cedc6b2c26c43885f4842"},
    {file = "pyobjc_core-9.2-cp312-cp312-macosx_10_9_universal2.whl", hash = "sha256:0fa950f092673883b8bd28bc18397415cabb457bf410920762109b411789ade9"},
    {file = "pyobjc_core-9.2-cp37-cp37m-macosx_10_9_x86_64.whl", hash = "sha256:586e4cae966282eaa61b21cae66ccdcee9d69c036979def26eebdc08ddebe20f"},
    {file = "pyobjc_core-9.2-cp38-cp38-macosx_10_9_x86_64.whl", hash = "sha256:41189c2c680931c0395a55691763c481fc681f454f21bb4f1644f98c24a45954"},
    {file = "pyobjc_core-9.2-cp38-cp38-macosx_11_0_universal2.whl", hash = "sha256:2d23ee539f2ba5e9f5653d75a13f575c7e36586fc0086792739e69e4c2617eda"},
    {file = "pyobjc_core-9.2-cp39-cp39-macosx_10_9_universal2.whl", hash = "sha256:b9809cf96678797acb72a758f34932fe8e2602d5ab7abec15c5ac68ddb481720"},
]

[[package]]
name = "pyobjc-framework-cocoa"
version = "9.2"
description = "Wrappers for the Cocoa frameworks on macOS"
optional = false
python-versions = ">=3.7"
files = [
    {file = "pyobjc-framework-Cocoa-9.2.tar.gz", hash = "sha256:efd78080872d8c8de6c2b97e0e4eac99d6203a5d1637aa135d071d464eb2db53"},
    {file = "pyobjc_framework_Cocoa-9.2-cp310-cp310-macosx_10_9_universal2.whl", hash = "sha256:9e02d8a7cc4eb7685377c50ba4f17345701acf4c05b1e7480d421bff9e2f62a4"},
    {file = "pyobjc_framework_Cocoa-9.2-cp311-cp311-macosx_10_9_universal2.whl", hash = "sha256:3b1e6287b3149e4c6679cdbccd8e9ef6557a4e492a892e80a77df143f40026d2"},
    {file = "pyobjc_framework_Cocoa-9.2-cp312-cp312-macosx_10_9_universal2.whl", hash = "sha256:312977ce2e3989073c6b324c69ba24283de206fe7acd6dbbbaf3e29238a22537"},
    {file = "pyobjc_framework_Cocoa-9.2-cp37-cp37m-macosx_10_9_x86_64.whl", hash = "sha256:aae7841cf40c26dd915f4dd828f91c6616e6b7998630b72e704750c09e00f334"},
    {file = "pyobjc_framework_Cocoa-9.2-cp38-cp38-macosx_10_9_x86_64.whl", hash = "sha256:739a421e14382a46cbeb9a883f192dceff368ad28ec34d895c48c0ad34cf2c1d"},
    {file = "pyobjc_framework_Cocoa-9.2-cp38-cp38-macosx_11_0_universal2.whl", hash = "sha256:32d9ac1033fac1b821ddee8c68f972a7074ad8c50bec0bea9a719034c1c2fb94"},
    {file = "pyobjc_framework_Cocoa-9.2-cp39-cp39-macosx_10_9_universal2.whl", hash = "sha256:b236bb965e41aeb2e215d4e98a5a230d4b63252c6d26e00924ea2e69540a59d6"},
]

[package.dependencies]
pyobjc-core = ">=9.2"

[[package]]
name = "pyobjc-framework-corebluetooth"
version = "9.2"
description = "Wrappers for the framework CoreBluetooth on macOS"
optional = false
python-versions = ">=3.7"
files = [
    {file = "pyobjc-framework-CoreBluetooth-9.2.tar.gz", hash = "sha256:cb2481b1dfe211ae9ce55f36537dc8155dbf0dc8ff26e0bc2e13f7afb0a291d1"},
    {file = "pyobjc_framework_CoreBluetooth-9.2-cp36-abi3-macosx_10_9_universal2.whl", hash = "sha256:53d888742119d0f0c725d0b0c2389f68e8f21f0cba6d6aec288c53260a0196b6"},
    {file = "pyobjc_framework_CoreBluetooth-9.2-cp36-abi3-macosx_10_9_x86_64.whl", hash = "sha256:179532882126526e38fe716a50fb0ee8f440e0b838d290252c515e622b5d0e49"},
    {file = "pyobjc_framework_CoreBluetooth-9.2-cp36-abi3-macosx_11_0_universal2.whl", hash = "sha256:256a5031ea9d8a7406541fa1b0dfac549b1de93deae8284605f9355b13fb58be"},
]

[package.dependencies]
pyobjc-core = ">=9.2"
pyobjc-framework-Cocoa = ">=9.2"

[[package]]
name = "pyobjc-framework-libdispatch"
version = "9.2"
description = "Wrappers for libdispatch on macOS"
optional = false
python-versions = ">=3.7"
files = [
    {file = "pyobjc-framework-libdispatch-9.2.tar.gz", hash = "sha256:542e7f7c2b041939db5ed6f3119c1d67d73ec14a996278b92485f8513039c168"},
    {file = "pyobjc_framework_libdispatch-9.2-cp310-cp310-macosx_10_9_universal2.whl", hash = "sha256:88d4091d4bcb5702783d6e86b4107db973425a17d1de491543f56bd348909b60"},
    {file = "pyobjc_framework_libdispatch-9.2-cp311-cp311-macosx_10_9_universal2.whl", hash = "sha256:1a67b007113328538b57893cc7829a722270764cdbeae6d5e1460a1d911314df"},
    {file = "pyobjc_framework_libdispatch-9.2-cp312-cp312-macosx_10_9_universal2.whl", hash = "sha256:6fccea1a57436cf1ac50d9ebc6e3e725bcf77f829ba6b118e62e6ed7866d359d"},
    {file = "pyobjc_framework_libdispatch-9.2-cp37-cp37m-macosx_10_9_x86_64.whl", hash = "sha256:6eba747b7ad91b0463265a7aee59235bb051fb97687f35ca2233690369b5e4e4"},
    {file = "pyobjc_framework_libdispatch-9.2-cp38-cp38-macosx_10_9_x86_64.whl", hash = "sha256:2e835495860d04f63c2d2f73ae3dd79da4222864c107096dc0f99e8382700026"},
    {file = "pyobjc_framework_libdispatch-9.2-cp38-cp38-macosx_11_0_universal2.whl", hash = "sha256:1b107e5c3580b09553030961ea6b17abad4a5132101eab1af3ad2cb36d0f08bb"},
    {file = "pyobjc_framework_libdispatch-9.2-cp39-cp39-macosx_10_9_universal2.whl", hash = "sha256:83cdb672acf722717b5ecf004768f215f02ac02d7f7f2a9703da6e921ab02222"},
]

[package.dependencies]
pyobjc-core = ">=9.2"

[[package]]
name = "pyright"
version = "1.1.323"
description = "Command line wrapper for pyright"
optional = false
python-versions = ">=3.7"
files = [
    {file = "pyright-1.1.323-py3-none-any.whl", hash = "sha256:23ce9eca401fda311be273784ebf128850d43a17f9e87dc299ffcdc0ffe91f75"},
    {file = "pyright-1.1.323.tar.gz", hash = "sha256:f3029bfe96a3436a505464d28e3433fafe23ac5f86f52edab9a26cd66685825e"},
]

[package.dependencies]
nodeenv = ">=1.6.0"

[package.extras]
all = ["twine (>=3.4.1)"]
dev = ["twine (>=3.4.1)"]

[[package]]
name = "ruff"
version = "0.0.284"
description = "An extremely fast Python linter, written in Rust."
optional = false
python-versions = ">=3.7"
files = [
    {file = "ruff-0.0.284-py3-none-macosx_10_7_x86_64.whl", hash = "sha256:8b949084941232e2c27f8d12c78c5a6a010927d712ecff17231ee1a8371c205b"},
    {file = "ruff-0.0.284-py3-none-macosx_10_9_x86_64.macosx_11_0_arm64.macosx_10_9_universal2.whl", hash = "sha256:a3930d66b35e4dc96197422381dff2a4e965e9278b5533e71ae8474ef202fab0"},
    {file = "ruff-0.0.284-py3-none-manylinux_2_17_aarch64.manylinux2014_aarch64.whl", hash = "sha256:1d1f7096038961d8bc3b956ee69d73826843eb5b39a5fa4ee717ed473ed69c95"},
    {file = "ruff-0.0.284-py3-none-manylinux_2_17_armv7l.manylinux2014_armv7l.whl", hash = "sha256:bcaf85907fc905d838f46490ee15f04031927bbea44c478394b0bfdeadc27362"},
    {file = "ruff-0.0.284-py3-none-manylinux_2_17_i686.manylinux2014_i686.whl", hash = "sha256:b3660b85a9d84162a055f1add334623ae2d8022a84dcd605d61c30a57b436c32"},
    {file = "ruff-0.0.284-py3-none-manylinux_2_17_ppc64.manylinux2014_ppc64.whl", hash = "sha256:0a3218458b140ea794da72b20ea09cbe13c4c1cdb7ac35e797370354628f4c05"},
    {file = "ruff-0.0.284-py3-none-manylinux_2_17_ppc64le.manylinux2014_ppc64le.whl", hash = "sha256:b2fe880cff13fffd735387efbcad54ba0ff1272bceea07f86852a33ca71276f4"},
    {file = "ruff-0.0.284-py3-none-manylinux_2_17_s390x.manylinux2014_s390x.whl", hash = "sha256:d1d098ea74d0ce31478765d1f8b4fbdbba2efc532397b5c5e8e5ea0c13d7e5ae"},
    {file = "ruff-0.0.284-py3-none-manylinux_2_17_x86_64.manylinux2014_x86_64.whl", hash = "sha256:c4c79ae3308e308b94635cd57a369d1e6f146d85019da2fbc63f55da183ee29b"},
    {file = "ruff-0.0.284-py3-none-musllinux_1_2_aarch64.whl", hash = "sha256:f86b2b1e7033c00de45cc176cf26778650fb8804073a0495aca2f674797becbb"},
    {file = "ruff-0.0.284-py3-none-musllinux_1_2_armv7l.whl", hash = "sha256:e37e086f4d623c05cd45a6fe5006e77a2b37d57773aad96b7802a6b8ecf9c910"},
    {file = "ruff-0.0.284-py3-none-musllinux_1_2_i686.whl", hash = "sha256:d29dfbe314e1131aa53df213fdfea7ee874dd96ea0dd1471093d93b59498384d"},
    {file = "ruff-0.0.284-py3-none-musllinux_1_2_x86_64.whl", hash = "sha256:88295fd649d0aa1f1271441df75bf06266a199497afd239fd392abcfd75acd7e"},
    {file = "ruff-0.0.284-py3-none-win32.whl", hash = "sha256:735cd62fccc577032a367c31f6a9de7c1eb4c01fa9a2e60775067f44f3fc3091"},
    {file = "ruff-0.0.284-py3-none-win_amd64.whl", hash = "sha256:f67ed868d79fbcc61ad0fa034fe6eed2e8d438d32abce9c04b7c4c1464b2cf8e"},
    {file = "ruff-0.0.284-py3-none-win_arm64.whl", hash = "sha256:1292cfc764eeec3cde35b3a31eae3f661d86418b5e220f5d5dba1c27a6eccbb6"},
    {file = "ruff-0.0.284.tar.gz", hash = "sha256:ebd3cc55cd499d326aac17a331deaea29bea206e01c08862f9b5c6e93d77a491"},
]

[[package]]
name = "setuptools"
version = "68.1.2"
description = "Easily download, build, install, upgrade, and uninstall Python packages"
optional = false
python-versions = ">=3.8"
files = [
    {file = "setuptools-68.1.2-py3-none-any.whl", hash = "sha256:3d8083eed2d13afc9426f227b24fd1659489ec107c0e86cec2ffdde5c92e790b"},
    {file = "setuptools-68.1.2.tar.gz", hash = "sha256:3d4dfa6d95f1b101d695a6160a7626e15583af71a5f52176efa5d39a054d475d"},
]

[package.extras]
docs = ["furo", "jaraco.packaging (>=9.3)", "jaraco.tidelift (>=1.4)", "pygments-github-lexers (==0.0.5)", "rst.linker (>=1.9)", "sphinx (>=3.5,<=7.1.2)", "sphinx-favicon", "sphinx-hoverxref (<2)", "sphinx-inline-tabs", "sphinx-lint", "sphinx-notfound-page (==0.8.3)", "sphinx-reredirects", "sphinxcontrib-towncrier"]
testing = ["build[virtualenv]", "filelock (>=3.4.0)", "flake8-2020", "ini2toml[lite] (>=0.9)", "jaraco.develop (>=7.21)", "jaraco.envs (>=2.2)", "jaraco.path (>=3.2.0)", "pip (>=19.1)", "pytest (>=6)", "pytest-black (>=0.3.7)", "pytest-checkdocs (>=2.4)", "pytest-cov", "pytest-enabler (>=2.2)", "pytest-mypy (>=0.9.1)", "pytest-perf", "pytest-ruff", "pytest-timeout", "pytest-xdist", "tomli-w (>=1.0.0)", "virtualenv (>=13.0.0)", "wheel"]
testing-integration = ["build[virtualenv]", "filelock (>=3.4.0)", "jaraco.envs (>=2.2)", "jaraco.path (>=3.2.0)", "pytest", "pytest-enabler", "pytest-xdist", "tomli", "virtualenv (>=13.0.0)", "wheel"]

[metadata]
lock-version = "2.0"
python-versions = "^3.11"
content-hash = "671c6fcdca07b1d67cef5669188fd68893a67568a3dbb16a5be285978cd3e4e2"
